
Microsoft Visual Studio Solution File, Format Version 12.00
# Visual Studio Version 17
VisualStudioVersion = 17.11.35208.52
MinimumVisualStudioVersion = 10.0.40219.1
Project("{FAE04EC0-301F-11D3-BF4B-00C04F79EFBC}") = "ApiMSCOFFIE", "ApiMSCOFFIE.csproj", "{38889F25-C1AD-4C50-948D-D175F5F975EE}"
EndProject
Global
	GlobalSection(SolutionConfigurationPlatforms) = preSolution
		Debug|Any CPU = Debug|Any CPU
		Release|Any CPU = Release|Any CPU
	EndGlobalSection
	GlobalSection(ProjectConfigurationPlatforms) = postSolution
		{38889F25-C1AD-4C50-948D-D175F5F975EE}.Debug|Any CPU.ActiveCfg = Debug|Any CPU
		{38889F25-C1AD-4C50-948D-D175F5F975EE}.Debug|Any CPU.Build.0 = Debug|Any CPU
		{38889F25-C1AD-4C50-948D-D175F5F975EE}.Release|Any CPU.ActiveCfg = Release|Any CPU
		{38889F25-C1AD-4C50-948D-D175F5F975EE}.Release|Any CPU.Build.0 = Release|Any CPU
	EndGlobalSection
	GlobalSection(SolutionProperties) = preSolution
		HideSolutionNode = FALSE
	EndGlobalSection
	GlobalSection(ExtensibilityGlobals) = postSolution
		SolutionGuid = {6CF30425-5E80-4479-9B6F-BB25EF807DA5}
	EndGlobalSection
EndGlobal
